
Microsoft Visual Studio Solution File, Format Version 12.00
# Visual Studio 15
VisualStudioVersion = 15.0.26020.0
MinimumVisualStudioVersion = 10.0.40219.1
Project("{8BC9CEB8-8B4A-11D0-8D11-00A0C91BC942}") = "AudioDecoderTester", "AudioDecoderTester\Reader.vcxproj", "{2A105CD3-ABAC-43A9-99A2-34E93519A7DA}"
EndProject
Project("{FAE04EC0-301F-11D3-BF4B-00C04F79EFBC}") = "HexFileMerger", "HexFileMerger\HexFileMerger.csproj", "{3CEB3325-30C3-4A05-A007-62F5EB7FA5A7}"
EndProject
Project("{FAE04EC0-301F-11D3-BF4B-00C04F79EFBC}") = "IHex", "IHex\IHex.csproj", "{5E6A654C-AB38-4C90-A193-3556CF5710BD}"
EndProject
Project("{FAE04EC0-301F-11D3-BF4B-00C04F79EFBC}") = "HexToWave", "HexToWave\HexToWave.csproj", "{8C90F370-D7CC-4A30-982D-C69498C8E0E3}"
EndProject
Project("{2150E333-8FDC-42A3-9474-1A3956D46DE8}") = "CommandLineTools", "CommandLineTools", "{86978AF3-6DC8-4C4C-9E92-63F0435502CC}"
EndProject
Project("{2150E333-8FDC-42A3-9474-1A3956D46DE8}") = "Libraries", "Libraries", "{E6894CA9-3B1D-4C85-B49A-E72D780DBCA5}"
EndProject
Project("{2150E333-8FDC-42A3-9474-1A3956D46DE8}") = "Tests", "Tests", "{453EAFA5-6055-4B8A-99AF-0F869F0D768C}"
EndProject
Project("{FAE04EC0-301F-11D3-BF4B-00C04F79EFBC}") = "HexToWaveLib", "HexToWaveLib\HexToWaveLib.csproj", "{8E12C222-D430-44E1-A66D-8A33BAE6B72F}"
EndProject
Project("{FAE04EC0-301F-11D3-BF4B-00C04F79EFBC}") = "HexDrop", "HexDrop\HexDrop.csproj", "{F5B25415-5625-4AF4-BCDF-5D05ADF2507C}"
EndProject
Project("{2150E333-8FDC-42A3-9474-1A3956D46DE8}") = "Apps", "Apps", "{EA7B7DA3-55D0-464B-8E59-DD26CA80AC15}"
EndProject
Project("{FAE04EC0-301F-11D3-BF4B-00C04F79EFBC}") = "EEPoke", "EEPoke\EEPoke.csproj", "{EAC7B9BD-8518-4D6F-9454-8AD96DF69637}"
EndProject
Project("{FAE04EC0-301F-11D3-BF4B-00C04F79EFBC}") = "DACWriter", "DACWriter\DACWriter.csproj", "{52D1D4DC-0E92-49DD-80B4-79E6EEA4C61E}"
EndProject
Global
	GlobalSection(SolutionConfigurationPlatforms) = preSolution
		Debug|Any CPU = Debug|Any CPU
		Debug|x64 = Debug|x64
		Debug|x86 = Debug|x86
		Release|Any CPU = Release|Any CPU
		Release|x64 = Release|x64
		Release|x86 = Release|x86
	EndGlobalSection
	GlobalSection(ProjectConfigurationPlatforms) = postSolution
		{2A105CD3-ABAC-43A9-99A2-34E93519A7DA}.Debug|Any CPU.ActiveCfg = Debug|Win32
		{2A105CD3-ABAC-43A9-99A2-34E93519A7DA}.Debug|x64.ActiveCfg = Debug|x64
		{2A105CD3-ABAC-43A9-99A2-34E93519A7DA}.Debug|x64.Build.0 = Debug|x64
		{2A105CD3-ABAC-43A9-99A2-34E93519A7DA}.Debug|x86.ActiveCfg = Debug|Win32
		{2A105CD3-ABAC-43A9-99A2-34E93519A7DA}.Debug|x86.Build.0 = Debug|Win32
		{2A105CD3-ABAC-43A9-99A2-34E93519A7DA}.Release|Any CPU.ActiveCfg = Release|Win32
		{2A105CD3-ABAC-43A9-99A2-34E93519A7DA}.Release|x64.ActiveCfg = Release|x64
		{2A105CD3-ABAC-43A9-99A2-34E93519A7DA}.Release|x64.Build.0 = Release|x64
		{2A105CD3-ABAC-43A9-99A2-34E93519A7DA}.Release|x86.ActiveCfg = Release|Win32
		{2A105CD3-ABAC-43A9-99A2-34E93519A7DA}.Release|x86.Build.0 = Release|Win32
		{3CEB3325-30C3-4A05-A007-62F5EB7FA5A7}.Debug|Any CPU.ActiveCfg = Debug|Any CPU
		{3CEB3325-30C3-4A05-A007-62F5EB7FA5A7}.Debug|Any CPU.Build.0 = Debug|Any CPU
		{3CEB3325-30C3-4A05-A007-62F5EB7FA5A7}.Debug|x64.ActiveCfg = Debug|Any CPU
		{3CEB3325-30C3-4A05-A007-62F5EB7FA5A7}.Debug|x64.Build.0 = Debug|Any CPU
		{3CEB3325-30C3-4A05-A007-62F5EB7FA5A7}.Debug|x86.ActiveCfg = Debug|Any CPU
		{3CEB3325-30C3-4A05-A007-62F5EB7FA5A7}.Debug|x86.Build.0 = Debug|Any CPU
		{3CEB3325-30C3-4A05-A007-62F5EB7FA5A7}.Release|Any CPU.ActiveCfg = Release|Any CPU
		{3CEB3325-30C3-4A05-A007-62F5EB7FA5A7}.Release|Any CPU.Build.0 = Release|Any CPU
		{3CEB3325-30C3-4A05-A007-62F5EB7FA5A7}.Release|x64.ActiveCfg = Release|Any CPU
		{3CEB3325-30C3-4A05-A007-62F5EB7FA5A7}.Release|x64.Build.0 = Release|Any CPU
		{3CEB3325-30C3-4A05-A007-62F5EB7FA5A7}.Release|x86.ActiveCfg = Release|Any CPU
		{3CEB3325-30C3-4A05-A007-62F5EB7FA5A7}.Release|x86.Build.0 = Release|Any CPU
		{5E6A654C-AB38-4C90-A193-3556CF5710BD}.Debug|Any CPU.ActiveCfg = Debug|Any CPU
		{5E6A654C-AB38-4C90-A193-3556CF5710BD}.Debug|Any CPU.Build.0 = Debug|Any CPU
		{5E6A654C-AB38-4C90-A193-3556CF5710BD}.Debug|x64.ActiveCfg = Debug|Any CPU
		{5E6A654C-AB38-4C90-A193-3556CF5710BD}.Debug|x64.Build.0 = Debug|Any CPU
		{5E6A654C-AB38-4C90-A193-3556CF5710BD}.Debug|x86.ActiveCfg = Debug|Any CPU
		{5E6A654C-AB38-4C90-A193-3556CF5710BD}.Debug|x86.Build.0 = Debug|Any CPU
		{5E6A654C-AB38-4C90-A193-3556CF5710BD}.Release|Any CPU.ActiveCfg = Release|Any CPU
		{5E6A654C-AB38-4C90-A193-3556CF5710BD}.Release|Any CPU.Build.0 = Release|Any CPU
		{5E6A654C-AB38-4C90-A193-3556CF5710BD}.Release|x64.ActiveCfg = Release|Any CPU
		{5E6A654C-AB38-4C90-A193-3556CF5710BD}.Release|x64.Build.0 = Release|Any CPU
		{5E6A654C-AB38-4C90-A193-3556CF5710BD}.Release|x86.ActiveCfg = Release|Any CPU
		{5E6A654C-AB38-4C90-A193-3556CF5710BD}.Release|x86.Build.0 = Release|Any CPU
		{8C90F370-D7CC-4A30-982D-C69498C8E0E3}.Debug|Any CPU.ActiveCfg = Debug|Any CPU
		{8C90F370-D7CC-4A30-982D-C69498C8E0E3}.Debug|Any CPU.Build.0 = Debug|Any CPU
		{8C90F370-D7CC-4A30-982D-C69498C8E0E3}.Debug|x64.ActiveCfg = Debug|Any CPU
		{8C90F370-D7CC-4A30-982D-C69498C8E0E3}.Debug|x64.Build.0 = Debug|Any CPU
		{8C90F370-D7CC-4A30-982D-C69498C8E0E3}.Debug|x86.ActiveCfg = Debug|Any CPU
		{8C90F370-D7CC-4A30-982D-C69498C8E0E3}.Debug|x86.Build.0 = Debug|Any CPU
		{8C90F370-D7CC-4A30-982D-C69498C8E0E3}.Release|Any CPU.ActiveCfg = Release|Any CPU
		{8C90F370-D7CC-4A30-982D-C69498C8E0E3}.Release|Any CPU.Build.0 = Release|Any CPU
		{8C90F370-D7CC-4A30-982D-C69498C8E0E3}.Release|x64.ActiveCfg = Release|Any CPU
		{8C90F370-D7CC-4A30-982D-C69498C8E0E3}.Release|x64.Build.0 = Release|Any CPU
		{8C90F370-D7CC-4A30-982D-C69498C8E0E3}.Release|x86.ActiveCfg = Release|Any CPU
		{8C90F370-D7CC-4A30-982D-C69498C8E0E3}.Release|x86.Build.0 = Release|Any CPU
		{8E12C222-D430-44E1-A66D-8A33BAE6B72F}.Debug|Any CPU.ActiveCfg = Debug|Any CPU
		{8E12C222-D430-44E1-A66D-8A33BAE6B72F}.Debug|Any CPU.Build.0 = Debug|Any CPU
		{8E12C222-D430-44E1-A66D-8A33BAE6B72F}.Debug|x64.ActiveCfg = Debug|Any CPU
		{8E12C222-D430-44E1-A66D-8A33BAE6B72F}.Debug|x64.Build.0 = Debug|Any CPU
		{8E12C222-D430-44E1-A66D-8A33BAE6B72F}.Debug|x86.ActiveCfg = Debug|Any CPU
		{8E12C222-D430-44E1-A66D-8A33BAE6B72F}.Debug|x86.Build.0 = Debug|Any CPU
		{8E12C222-D430-44E1-A66D-8A33BAE6B72F}.Release|Any CPU.ActiveCfg = Release|Any CPU
		{8E12C222-D430-44E1-A66D-8A33BAE6B72F}.Release|Any CPU.Build.0 = Release|Any CPU
		{8E12C222-D430-44E1-A66D-8A33BAE6B72F}.Release|x64.ActiveCfg = Release|Any CPU
		{8E12C222-D430-44E1-A66D-8A33BAE6B72F}.Release|x64.Build.0 = Release|Any CPU
		{8E12C222-D430-44E1-A66D-8A33BAE6B72F}.Release|x86.ActiveCfg = Release|Any CPU
		{8E12C222-D430-44E1-A66D-8A33BAE6B72F}.Release|x86.Build.0 = Release|Any CPU
		{F5B25415-5625-4AF4-BCDF-5D05ADF2507C}.Debug|Any CPU.ActiveCfg = Debug|Any CPU
		{F5B25415-5625-4AF4-BCDF-5D05ADF2507C}.Debug|Any CPU.Build.0 = Debug|Any CPU
		{F5B25415-5625-4AF4-BCDF-5D05ADF2507C}.Debug|x64.ActiveCfg = Debug|Any CPU
		{F5B25415-5625-4AF4-BCDF-5D05ADF2507C}.Debug|x64.Build.0 = Debug|Any CPU
		{F5B25415-5625-4AF4-BCDF-5D05ADF2507C}.Debug|x86.ActiveCfg = Debug|Any CPU
		{F5B25415-5625-4AF4-BCDF-5D05ADF2507C}.Debug|x86.Build.0 = Debug|Any CPU
		{F5B25415-5625-4AF4-BCDF-5D05ADF2507C}.Release|Any CPU.ActiveCfg = Release|Any CPU
		{F5B25415-5625-4AF4-BCDF-5D05ADF2507C}.Release|Any CPU.Build.0 = Release|Any CPU
		{F5B25415-5625-4AF4-BCDF-5D05ADF2507C}.Release|x64.ActiveCfg = Release|Any CPU
		{F5B25415-5625-4AF4-BCDF-5D05ADF2507C}.Release|x64.Build.0 = Release|Any CPU
		{F5B25415-5625-4AF4-BCDF-5D05ADF2507C}.Release|x86.ActiveCfg = Release|Any CPU
		{F5B25415-5625-4AF4-BCDF-5D05ADF2507C}.Release|x86.Build.0 = Release|Any CPU
		{EAC7B9BD-8518-4D6F-9454-8AD96DF69637}.Debug|Any CPU.ActiveCfg = Debug|Any CPU
		{EAC7B9BD-8518-4D6F-9454-8AD96DF69637}.Debug|Any CPU.Build.0 = Debug|Any CPU
		{EAC7B9BD-8518-4D6F-9454-8AD96DF69637}.Debug|x64.ActiveCfg = Debug|Any CPU
		{EAC7B9BD-8518-4D6F-9454-8AD96DF69637}.Debug|x64.Build.0 = Debug|Any CPU
		{EAC7B9BD-8518-4D6F-9454-8AD96DF69637}.Debug|x86.ActiveCfg = Debug|Any CPU
		{EAC7B9BD-8518-4D6F-9454-8AD96DF69637}.Debug|x86.Build.0 = Debug|Any CPU
		{EAC7B9BD-8518-4D6F-9454-8AD96DF69637}.Release|Any CPU.ActiveCfg = Release|Any CPU
		{EAC7B9BD-8518-4D6F-9454-8AD96DF69637}.Release|Any CPU.Build.0 = Release|Any CPU
		{EAC7B9BD-8518-4D6F-9454-8AD96DF69637}.Release|x64.ActiveCfg = Release|Any CPU
		{EAC7B9BD-8518-4D6F-9454-8AD96DF69637}.Release|x64.Build.0 = Release|Any CPU
		{EAC7B9BD-8518-4D6F-9454-8AD96DF69637}.Release|x86.ActiveCfg = Release|Any CPU
		{EAC7B9BD-8518-4D6F-9454-8AD96DF69637}.Release|x86.Build.0 = Release|Any CPU
		{52D1D4DC-0E92-49DD-80B4-79E6EEA4C61E}.Debug|Any CPU.ActiveCfg = Debug|Any CPU
		{52D1D4DC-0E92-49DD-80B4-79E6EEA4C61E}.Debug|Any CPU.Build.0 = Debug|Any CPU
		{52D1D4DC-0E92-49DD-80B4-79E6EEA4C61E}.Debug|x64.ActiveCfg = Debug|Any CPU
		{52D1D4DC-0E92-49DD-80B4-79E6EEA4C61E}.Debug|x64.Build.0 = Debug|Any CPU
		{52D1D4DC-0E92-49DD-80B4-79E6EEA4C61E}.Debug|x86.ActiveCfg = Debug|Any CPU
		{52D1D4DC-0E92-49DD-80B4-79E6EEA4C61E}.Debug|x86.Build.0 = Debug|Any CPU
		{52D1D4DC-0E92-49DD-80B4-79E6EEA4C61E}.Release|Any CPU.ActiveCfg = Release|Any CPU
		{52D1D4DC-0E92-49DD-80B4-79E6EEA4C61E}.Release|Any CPU.Build.0 = Release|Any CPU
		{52D1D4DC-0E92-49DD-80B4-79E6EEA4C61E}.Release|x64.ActiveCfg = Release|Any CPU
		{52D1D4DC-0E92-49DD-80B4-79E6EEA4C61E}.Release|x64.Build.0 = Release|Any CPU
		{52D1D4DC-0E92-49DD-80B4-79E6EEA4C61E}.Release|x86.ActiveCfg = Release|Any CPU
		{52D1D4DC-0E92-49DD-80B4-79E6EEA4C61E}.Release|x86.Build.0 = Release|Any CPU
	EndGlobalSection
	GlobalSection(SolutionProperties) = preSolution
		HideSolutionNode = FALSE
	EndGlobalSection
	GlobalSection(NestedProjects) = preSolution
		{2A105CD3-ABAC-43A9-99A2-34E93519A7DA} = {453EAFA5-6055-4B8A-99AF-0F869F0D768C}
		{3CEB3325-30C3-4A05-A007-62F5EB7FA5A7} = {86978AF3-6DC8-4C4C-9E92-63F0435502CC}
		{5E6A654C-AB38-4C90-A193-3556CF5710BD} = {E6894CA9-3B1D-4C85-B49A-E72D780DBCA5}
		{8C90F370-D7CC-4A30-982D-C69498C8E0E3} = {86978AF3-6DC8-4C4C-9E92-63F0435502CC}
		{8E12C222-D430-44E1-A66D-8A33BAE6B72F} = {E6894CA9-3B1D-4C85-B49A-E72D780DBCA5}
		{F5B25415-5625-4AF4-BCDF-5D05ADF2507C} = {EA7B7DA3-55D0-464B-8E59-DD26CA80AC15}
		{EAC7B9BD-8518-4D6F-9454-8AD96DF69637} = {EA7B7DA3-55D0-464B-8E59-DD26CA80AC15}
		{52D1D4DC-0E92-49DD-80B4-79E6EEA4C61E} = {EA7B7DA3-55D0-464B-8E59-DD26CA80AC15}
	EndGlobalSection
EndGlobal
